
Microsoft Visual Studio Solution File, Format Version 12.00
# Visual Studio 15
VisualStudioVersion = 15.0.26430.16
MinimumVisualStudioVersion = 10.0.40219.1
Project("{9A19103F-16F7-4668-BE54-9A1E7A4F7556}") = "Medium", "Medium\Medium.csproj", "{8F657816-1AD0-48C3-9B0E-ABBEC045BD8E}"
EndProject
Project("{9A19103F-16F7-4668-BE54-9A1E7A4F7556}") = "Medium.Tests", "Medium.Tests\Medium.Tests.csproj", "{4908BDC3-FCC8-4C3E-BC0D-EE930268EEA1}"
EndProject
Global
	GlobalSection(SolutionConfigurationPlatforms) = preSolution
		Debug|Any CPU = Debug|Any CPU
		Release|Any CPU = Release|Any CPU
	EndGlobalSection
	GlobalSection(ProjectConfigurationPlatforms) = postSolution
		{8F657816-1AD0-48C3-9B0E-ABBEC045BD8E}.Debug|Any CPU.ActiveCfg = Debug|Any CPU
		{8F657816-1AD0-48C3-9B0E-ABBEC045BD8E}.Debug|Any CPU.Build.0 = Debug|Any CPU
		{8F657816-1AD0-48C3-9B0E-ABBEC045BD8E}.Release|Any CPU.ActiveCfg = Release|Any CPU
		{8F657816-1AD0-48C3-9B0E-ABBEC045BD8E}.Release|Any CPU.Build.0 = Release|Any CPU
		{4908BDC3-FCC8-4C3E-BC0D-EE930268EEA1}.Debug|Any CPU.ActiveCfg = Debug|Any CPU
		{4908BDC3-FCC8-4C3E-BC0D-EE930268EEA1}.Debug|Any CPU.Build.0 = Debug|Any CPU
		{4908BDC3-FCC8-4C3E-BC0D-EE930268EEA1}.Release|Any CPU.ActiveCfg = Release|Any CPU
		{4908BDC3-FCC8-4C3E-BC0D-EE930268EEA1}.Release|Any CPU.Build.0 = Release|Any CPU
	EndGlobalSection
	GlobalSection(SolutionProperties) = preSolution
		HideSolutionNode = FALSE
	EndGlobalSection
EndGlobal
