
Microsoft Visual Studio Solution File, Format Version 12.00
# Visual Studio 14
VisualStudioVersion = 14.0.23107.0
MinimumVisualStudioVersion = 10.0.40219.1
Project("{FAE04EC0-301F-11D3-BF4B-00C04F79EFBC}") = "Medium", "Medium\Medium.csproj", "{1E85A718-B3AF-4718-8ECB-E6CC3CFED8F4}"
EndProject
Project("{FAE04EC0-301F-11D3-BF4B-00C04F79EFBC}") = "Medium.Tests", "Medium.Tests\Medium.Tests.csproj", "{546F2075-56C6-4D33-BA3D-029755855245}"
EndProject
Project("{2150E333-8FDC-42A3-9474-1A3956D46DE8}") = "Solution Items", "Solution Items", "{C63437DC-8AC8-419A-86D1-7188B19CBBC0}"
	ProjectSection(SolutionItems) = preProject
		README.md = README.md
	EndProjectSection
EndProject
Global
	GlobalSection(SolutionConfigurationPlatforms) = preSolution
		Debug|Any CPU = Debug|Any CPU
		Release|Any CPU = Release|Any CPU
	EndGlobalSection
	GlobalSection(ProjectConfigurationPlatforms) = postSolution
		{1E85A718-B3AF-4718-8ECB-E6CC3CFED8F4}.Debug|Any CPU.ActiveCfg = Debug|Any CPU
		{1E85A718-B3AF-4718-8ECB-E6CC3CFED8F4}.Debug|Any CPU.Build.0 = Debug|Any CPU
		{1E85A718-B3AF-4718-8ECB-E6CC3CFED8F4}.Release|Any CPU.ActiveCfg = Release|Any CPU
		{1E85A718-B3AF-4718-8ECB-E6CC3CFED8F4}.Release|Any CPU.Build.0 = Release|Any CPU
		{546F2075-56C6-4D33-BA3D-029755855245}.Debug|Any CPU.ActiveCfg = Debug|Any CPU
		{546F2075-56C6-4D33-BA3D-029755855245}.Debug|Any CPU.Build.0 = Debug|Any CPU
		{546F2075-56C6-4D33-BA3D-029755855245}.Release|Any CPU.ActiveCfg = Release|Any CPU
		{546F2075-56C6-4D33-BA3D-029755855245}.Release|Any CPU.Build.0 = Release|Any CPU
	EndGlobalSection
	GlobalSection(SolutionProperties) = preSolution
		HideSolutionNode = FALSE
	EndGlobalSection
EndGlobal
