
Microsoft Visual Studio Solution File, Format Version 12.00
# Visual Studio 14
VisualStudioVersion = 14.0.24720.0
MinimumVisualStudioVersion = 10.0.40219.1
Project("{2150E333-8FDC-42A3-9474-1A3956D46DE8}") = "Solution Items", "Solution Items", "{E0CA4F5E-6D71-40CE-90AE-9B8CA78BFE18}"
	ProjectSection(SolutionItems) = preProject
		global.json = global.json
		README.md = README.md
	EndProjectSection
EndProject
Project("{8BB2217D-0F2D-49D1-97BC-3654ED321F3B}") = "Medium", "Medium\Medium.xproj", "{8F657816-1AD0-48C3-9B0E-ABBEC045BD8E}"
EndProject
Project("{8BB2217D-0F2D-49D1-97BC-3654ED321F3B}") = "Medium.Tests", "Medium.Tests\Medium.Tests.xproj", "{4908BDC3-FCC8-4C3E-BC0D-EE930268EEA1}"
EndProject
Global
	GlobalSection(SolutionConfigurationPlatforms) = preSolution
		Debug|Any CPU = Debug|Any CPU
		Release|Any CPU = Release|Any CPU
	EndGlobalSection
	GlobalSection(ProjectConfigurationPlatforms) = postSolution
		{8F657816-1AD0-48C3-9B0E-ABBEC045BD8E}.Debug|Any CPU.ActiveCfg = Debug|Any CPU
		{8F657816-1AD0-48C3-9B0E-ABBEC045BD8E}.Debug|Any CPU.Build.0 = Debug|Any CPU
		{8F657816-1AD0-48C3-9B0E-ABBEC045BD8E}.Release|Any CPU.ActiveCfg = Release|Any CPU
		{8F657816-1AD0-48C3-9B0E-ABBEC045BD8E}.Release|Any CPU.Build.0 = Release|Any CPU
		{4908BDC3-FCC8-4C3E-BC0D-EE930268EEA1}.Debug|Any CPU.ActiveCfg = Debug|Any CPU
		{4908BDC3-FCC8-4C3E-BC0D-EE930268EEA1}.Debug|Any CPU.Build.0 = Debug|Any CPU
		{4908BDC3-FCC8-4C3E-BC0D-EE930268EEA1}.Release|Any CPU.ActiveCfg = Release|Any CPU
		{4908BDC3-FCC8-4C3E-BC0D-EE930268EEA1}.Release|Any CPU.Build.0 = Release|Any CPU
	EndGlobalSection
	GlobalSection(SolutionProperties) = preSolution
		HideSolutionNode = FALSE
	EndGlobalSection
EndGlobal
